
Microsoft Visual Studio Solution File, Format Version 12.00
# Visual Studio 15
VisualStudioVersion = 15.0.26730.12
MinimumVisualStudioVersion = 10.0.40219.1
Project("{FAE04EC0-301F-11D3-BF4B-00C04F79EFBC}") = "HelloworldVaishnavi", "HelloworldVaishnavi\HelloworldVaishnavi.csproj", "{DB2728CC-9793-46BD-AD23-C1FB8C3422C7}"
EndProject
Global
	GlobalSection(SolutionConfigurationPlatforms) = preSolution
		Debug|Any CPU = Debug|Any CPU
		Release|Any CPU = Release|Any CPU
	EndGlobalSection
	GlobalSection(ProjectConfigurationPlatforms) = postSolution
		{DB2728CC-9793-46BD-AD23-C1FB8C3422C7}.Debug|Any CPU.ActiveCfg = Debug|Any CPU
		{DB2728CC-9793-46BD-AD23-C1FB8C3422C7}.Debug|Any CPU.Build.0 = Debug|Any CPU
		{DB2728CC-9793-46BD-AD23-C1FB8C3422C7}.Release|Any CPU.ActiveCfg = Release|Any CPU
		{DB2728CC-9793-46BD-AD23-C1FB8C3422C7}.Release|Any CPU.Build.0 = Release|Any CPU
	EndGlobalSection
	GlobalSection(SolutionProperties) = preSolution
		HideSolutionNode = FALSE
	EndGlobalSection
	GlobalSection(ExtensibilityGlobals) = postSolution
		SolutionGuid = {462AA2ED-559E-4445-8568-845EDC5CE10C}
	EndGlobalSection
EndGlobal
